
Microsoft Visual Studio Solution File, Format Version 12.00
# Visual Studio Version 16
VisualStudioVersion = 16.0.32106.194
MinimumVisualStudioVersion = 10.0.40219.1
Project("{FAE04EC0-301F-11D3-BF4B-00C04F79EFBC}") = "LedRemote.UWP", "LedRemote\LedRemote.UWP\LedRemote.UWP.csproj", "{3F6FD17D-D07F-4194-A314-700131A6C35E}"
EndProject
Project("{FAE04EC0-301F-11D3-BF4B-00C04F79EFBC}") = "LedRemote.Android", "LedRemote\LedRemote.Android\LedRemote.Android.csproj", "{3A321222-14C2-42A5-B858-40972DB139C9}"
EndProject
Project("{FAE04EC0-301F-11D3-BF4B-00C04F79EFBC}") = "LedRemote.iOS", "LedRemote\LedRemote.iOS\LedRemote.iOS.csproj", "{753C129C-F3F8-4D1B-893B-B360DF181DEF}"
EndProject
Project("{FAE04EC0-301F-11D3-BF4B-00C04F79EFBC}") = "LedRemote", "LedRemote\LedRemote\LedRemote.csproj", "{E5DFBF3C-2BA7-4DE8-91DD-05C2972B6A30}"
EndProject
Global
	GlobalSection(SolutionConfigurationPlatforms) = preSolution
		Debug|Any CPU = Debug|Any CPU
		Debug|ARM = Debug|ARM
		Debug|iPhone = Debug|iPhone
		Debug|iPhoneSimulator = Debug|iPhoneSimulator
		Debug|x64 = Debug|x64
		Debug|x86 = Debug|x86
		Release|Any CPU = Release|Any CPU
		Release|ARM = Release|ARM
		Release|iPhone = Release|iPhone
		Release|iPhoneSimulator = Release|iPhoneSimulator
		Release|x64 = Release|x64
		Release|x86 = Release|x86
	EndGlobalSection
	GlobalSection(ProjectConfigurationPlatforms) = postSolution
		{3F6FD17D-D07F-4194-A314-700131A6C35E}.Debug|Any CPU.ActiveCfg = Debug|x86
		{3F6FD17D-D07F-4194-A314-700131A6C35E}.Debug|Any CPU.Build.0 = Debug|x86
		{3F6FD17D-D07F-4194-A314-700131A6C35E}.Debug|Any CPU.Deploy.0 = Debug|x86
		{3F6FD17D-D07F-4194-A314-700131A6C35E}.Debug|ARM.ActiveCfg = Debug|ARM
		{3F6FD17D-D07F-4194-A314-700131A6C35E}.Debug|ARM.Build.0 = Debug|ARM
		{3F6FD17D-D07F-4194-A314-700131A6C35E}.Debug|ARM.Deploy.0 = Debug|ARM
		{3F6FD17D-D07F-4194-A314-700131A6C35E}.Debug|iPhone.ActiveCfg = Debug|x86
		{3F6FD17D-D07F-4194-A314-700131A6C35E}.Debug|iPhone.Build.0 = Debug|x86
		{3F6FD17D-D07F-4194-A314-700131A6C35E}.Debug|iPhone.Deploy.0 = Debug|x86
		{3F6FD17D-D07F-4194-A314-700131A6C35E}.Debug|iPhoneSimulator.ActiveCfg = Debug|x86
		{3F6FD17D-D07F-4194-A314-700131A6C35E}.Debug|iPhoneSimulator.Build.0 = Debug|x86
		{3F6FD17D-D07F-4194-A314-700131A6C35E}.Debug|iPhoneSimulator.Deploy.0 = Debug|x86
		{3F6FD17D-D07F-4194-A314-700131A6C35E}.Debug|x64.ActiveCfg = Debug|x64
		{3F6FD17D-D07F-4194-A314-700131A6C35E}.Debug|x64.Build.0 = Debug|x64
		{3F6FD17D-D07F-4194-A314-700131A6C35E}.Debug|x64.Deploy.0 = Debug|x64
		{3F6FD17D-D07F-4194-A314-700131A6C35E}.Debug|x86.ActiveCfg = Debug|x86
		{3F6FD17D-D07F-4194-A314-700131A6C35E}.Debug|x86.Build.0 = Debug|x86
		{3F6FD17D-D07F-4194-A314-700131A6C35E}.Debug|x86.Deploy.0 = Debug|x86
		{3F6FD17D-D07F-4194-A314-700131A6C35E}.Release|Any CPU.ActiveCfg = Release|x86
		{3F6FD17D-D07F-4194-A314-700131A6C35E}.Release|Any CPU.Build.0 = Release|x86
		{3F6FD17D-D07F-4194-A314-700131A6C35E}.Release|Any CPU.Deploy.0 = Release|x86
		{3F6FD17D-D07F-4194-A314-700131A6C35E}.Release|ARM.ActiveCfg = Release|ARM
		{3F6FD17D-D07F-4194-A314-700131A6C35E}.Release|ARM.Build.0 = Release|ARM
		{3F6FD17D-D07F-4194-A314-700131A6C35E}.Release|ARM.Deploy.0 = Release|ARM
		{3F6FD17D-D07F-4194-A314-700131A6C35E}.Release|iPhone.ActiveCfg = Release|x86
		{3F6FD17D-D07F-4194-A314-700131A6C35E}.Release|iPhone.Build.0 = Release|x86
		{3F6FD17D-D07F-4194-A314-700131A6C35E}.Release|iPhone.Deploy.0 = Release|x86
		{3F6FD17D-D07F-4194-A314-700131A6C35E}.Release|iPhoneSimulator.ActiveCfg = Release|x86
		{3F6FD17D-D07F-4194-A314-700131A6C35E}.Release|iPhoneSimulator.Build.0 = Release|x86
		{3F6FD17D-D07F-4194-A314-700131A6C35E}.Release|iPhoneSimulator.Deploy.0 = Release|x86
		{3F6FD17D-D07F-4194-A314-700131A6C35E}.Release|x64.ActiveCfg = Release|x64
		{3F6FD17D-D07F-4194-A314-700131A6C35E}.Release|x64.Build.0 = Release|x64
		{3F6FD17D-D07F-4194-A314-700131A6C35E}.Release|x64.Deploy.0 = Release|x64
		{3F6FD17D-D07F-4194-A314-700131A6C35E}.Release|x86.ActiveCfg = Release|x86
		{3F6FD17D-D07F-4194-A314-700131A6C35E}.Release|x86.Build.0 = Release|x86
		{3F6FD17D-D07F-4194-A314-700131A6C35E}.Release|x86.Deploy.0 = Release|x86
		{3A321222-14C2-42A5-B858-40972DB139C9}.Debug|Any CPU.ActiveCfg = Debug|Any CPU
		{3A321222-14C2-42A5-B858-40972DB139C9}.Debug|Any CPU.Build.0 = Debug|Any CPU
		{3A321222-14C2-42A5-B858-40972DB139C9}.Debug|Any CPU.Deploy.0 = Debug|Any CPU
		{3A321222-14C2-42A5-B858-40972DB139C9}.Debug|ARM.ActiveCfg = Debug|Any CPU
		{3A321222-14C2-42A5-B858-40972DB139C9}.Debug|ARM.Build.0 = Debug|Any CPU
		{3A321222-14C2-42A5-B858-40972DB139C9}.Debug|ARM.Deploy.0 = Debug|Any CPU
		{3A321222-14C2-42A5-B858-40972DB139C9}.Debug|iPhone.ActiveCfg = Debug|Any CPU
		{3A321222-14C2-42A5-B858-40972DB139C9}.Debug|iPhone.Build.0 = Debug|Any CPU
		{3A321222-14C2-42A5-B858-40972DB139C9}.Debug|iPhone.Deploy.0 = Debug|Any CPU
		{3A321222-14C2-42A5-B858-40972DB139C9}.Debug|iPhoneSimulator.ActiveCfg = Debug|Any CPU
		{3A321222-14C2-42A5-B858-40972DB139C9}.Debug|iPhoneSimulator.Build.0 = Debug|Any CPU
		{3A321222-14C2-42A5-B858-40972DB139C9}.Debug|iPhoneSimulator.Deploy.0 = Debug|Any CPU
		{3A321222-14C2-42A5-B858-40972DB139C9}.Debug|x64.ActiveCfg = Debug|Any CPU
		{3A321222-14C2-42A5-B858-40972DB139C9}.Debug|x64.Build.0 = Debug|Any CPU
		{3A321222-14C2-42A5-B858-40972DB139C9}.Debug|x64.Deploy.0 = Debug|Any CPU
		{3A321222-14C2-42A5-B858-40972DB139C9}.Debug|x86.ActiveCfg = Debug|Any CPU
		{3A321222-14C2-42A5-B858-40972DB139C9}.Debug|x86.Build.0 = Debug|Any CPU
		{3A321222-14C2-42A5-B858-40972DB139C9}.Debug|x86.Deploy.0 = Debug|Any CPU
		{3A321222-14C2-42A5-B858-40972DB139C9}.Release|Any CPU.ActiveCfg = Release|Any CPU
		{3A321222-14C2-42A5-B858-40972DB139C9}.Release|Any CPU.Build.0 = Release|Any CPU
		{3A321222-14C2-42A5-B858-40972DB139C9}.Release|Any CPU.Deploy.0 = Release|Any CPU
		{3A321222-14C2-42A5-B858-40972DB139C9}.Release|ARM.ActiveCfg = Release|Any CPU
		{3A321222-14C2-42A5-B858-40972DB139C9}.Release|ARM.Build.0 = Release|Any CPU
		{3A321222-14C2-42A5-B858-40972DB139C9}.Release|ARM.Deploy.0 = Release|Any CPU
		{3A321222-14C2-42A5-B858-40972DB139C9}.Release|iPhone.ActiveCfg = Release|Any CPU
		{3A321222-14C2-42A5-B858-40972DB139C9}.Release|iPhone.Build.0 = Release|Any CPU
		{3A321222-14C2-42A5-B858-40972DB139C9}.Release|iPhone.Deploy.0 = Release|Any CPU
		{3A321222-14C2-42A5-B858-40972DB139C9}.Release|iPhoneSimulator.ActiveCfg = Release|Any CPU
		{3A321222-14C2-42A5-B858-40972DB139C9}.Release|iPhoneSimulator.Build.0 = Release|Any CPU
		{3A321222-14C2-42A5-B858-40972DB139C9}.Release|iPhoneSimulator.Deploy.0 = Release|Any CPU
		{3A321222-14C2-42A5-B858-40972DB139C9}.Release|x64.ActiveCfg = Release|Any CPU
		{3A321222-14C2-42A5-B858-40972DB139C9}.Release|x64.Build.0 = Release|Any CPU
		{3A321222-14C2-42A5-B858-40972DB139C9}.Release|x64.Deploy.0 = Release|Any CPU
		{3A321222-14C2-42A5-B858-40972DB139C9}.Release|x86.ActiveCfg = Release|Any CPU
		{3A321222-14C2-42A5-B858-40972DB139C9}.Release|x86.Build.0 = Release|Any CPU
		{3A321222-14C2-42A5-B858-40972DB139C9}.Release|x86.Deploy.0 = Release|Any CPU
		{753C129C-F3F8-4D1B-893B-B360DF181DEF}.Debug|Any CPU.ActiveCfg = Debug|iPhoneSimulator
		{753C129C-F3F8-4D1B-893B-B360DF181DEF}.Debug|Any CPU.Build.0 = Debug|iPhoneSimulator
		{753C129C-F3F8-4D1B-893B-B360DF181DEF}.Debug|Any CPU.Deploy.0 = Debug|iPhoneSimulator
		{753C129C-F3F8-4D1B-893B-B360DF181DEF}.Debug|ARM.ActiveCfg = Debug|iPhone
		{753C129C-F3F8-4D1B-893B-B360DF181DEF}.Debug|ARM.Build.0 = Debug|iPhone
		{753C129C-F3F8-4D1B-893B-B360DF181DEF}.Debug|ARM.Deploy.0 = Debug|iPhone
		{753C129C-F3F8-4D1B-893B-B360DF181DEF}.Debug|iPhone.ActiveCfg = Debug|iPhone
		{753C129C-F3F8-4D1B-893B-B360DF181DEF}.Debug|iPhone.Build.0 = Debug|iPhone
		{753C129C-F3F8-4D1B-893B-B360DF181DEF}.Debug|iPhone.Deploy.0 = Debug|iPhone
		{753C129C-F3F8-4D1B-893B-B360DF181DEF}.Debug|iPhoneSimulator.ActiveCfg = Debug|iPhoneSimulator
		{753C129C-F3F8-4D1B-893B-B360DF181DEF}.Debug|iPhoneSimulator.Build.0 = Debug|iPhoneSimulator
		{753C129C-F3F8-4D1B-893B-B360DF181DEF}.Debug|iPhoneSimulator.Deploy.0 = Debug|iPhoneSimulator
		{753C129C-F3F8-4D1B-893B-B360DF181DEF}.Debug|x64.ActiveCfg = Debug|iPhoneSimulator
		{753C129C-F3F8-4D1B-893B-B360DF181DEF}.Debug|x64.Build.0 = Debug|iPhoneSimulator
		{753C129C-F3F8-4D1B-893B-B360DF181DEF}.Debug|x64.Deploy.0 = Debug|iPhoneSimulator
		{753C129C-F3F8-4D1B-893B-B360DF181DEF}.Debug|x86.ActiveCfg = Debug|iPhoneSimulator
		{753C129C-F3F8-4D1B-893B-B360DF181DEF}.Debug|x86.Build.0 = Debug|iPhoneSimulator
		{753C129C-F3F8-4D1B-893B-B360DF181DEF}.Debug|x86.Deploy.0 = Debug|iPhoneSimulator
		{753C129C-F3F8-4D1B-893B-B360DF181DEF}.Release|Any CPU.ActiveCfg = Release|iPhoneSimulator
		{753C129C-F3F8-4D1B-893B-B360DF181DEF}.Release|Any CPU.Build.0 = Release|iPhoneSimulator
		{753C129C-F3F8-4D1B-893B-B360DF181DEF}.Release|Any CPU.Deploy.0 = Release|iPhoneSimulator
		{753C129C-F3F8-4D1B-893B-B360DF181DEF}.Release|ARM.ActiveCfg = Release|iPhoneSimulator
		{753C129C-F3F8-4D1B-893B-B360DF181DEF}.Release|ARM.Build.0 = Release|iPhoneSimulator
		{753C129C-F3F8-4D1B-893B-B360DF181DEF}.Release|ARM.Deploy.0 = Release|iPhoneSimulator
		{753C129C-F3F8-4D1B-893B-B360DF181DEF}.Release|iPhone.ActiveCfg = Release|iPhone
		{753C129C-F3F8-4D1B-893B-B360DF181DEF}.Release|iPhone.Build.0 = Release|iPhone
		{753C129C-F3F8-4D1B-893B-B360DF181DEF}.Release|iPhone.Deploy.0 = Release|iPhone
		{753C129C-F3F8-4D1B-893B-B360DF181DEF}.Release|iPhoneSimulator.ActiveCfg = Release|iPhoneSimulator
		{753C129C-F3F8-4D1B-893B-B360DF181DEF}.Release|iPhoneSimulator.Build.0 = Release|iPhoneSimulator
		{753C129C-F3F8-4D1B-893B-B360DF181DEF}.Release|iPhoneSimulator.Deploy.0 = Release|iPhoneSimulator
		{753C129C-F3F8-4D1B-893B-B360DF181DEF}.Release|x64.ActiveCfg = Release|iPhoneSimulator
		{753C129C-F3F8-4D1B-893B-B360DF181DEF}.Release|x64.Build.0 = Release|iPhoneSimulator
		{753C129C-F3F8-4D1B-893B-B360DF181DEF}.Release|x64.Deploy.0 = Release|iPhoneSimulator
		{753C129C-F3F8-4D1B-893B-B360DF181DEF}.Release|x86.ActiveCfg = Release|iPhoneSimulator
		{753C129C-F3F8-4D1B-893B-B360DF181DEF}.Release|x86.Build.0 = Release|iPhoneSimulator
		{753C129C-F3F8-4D1B-893B-B360DF181DEF}.Release|x86.Deploy.0 = Release|iPhoneSimulator
		{E5DFBF3C-2BA7-4DE8-91DD-05C2972B6A30}.Debug|Any CPU.ActiveCfg = Debug|Any CPU
		{E5DFBF3C-2BA7-4DE8-91DD-05C2972B6A30}.Debug|Any CPU.Build.0 = Debug|Any CPU
		{E5DFBF3C-2BA7-4DE8-91DD-05C2972B6A30}.Debug|Any CPU.Deploy.0 = Debug|Any CPU
		{E5DFBF3C-2BA7-4DE8-91DD-05C2972B6A30}.Debug|ARM.ActiveCfg = Debug|Any CPU
		{E5DFBF3C-2BA7-4DE8-91DD-05C2972B6A30}.Debug|ARM.Build.0 = Debug|Any CPU
		{E5DFBF3C-2BA7-4DE8-91DD-05C2972B6A30}.Debug|ARM.Deploy.0 = Debug|Any CPU
		{E5DFBF3C-2BA7-4DE8-91DD-05C2972B6A30}.Debug|iPhone.ActiveCfg = Debug|Any CPU
		{E5DFBF3C-2BA7-4DE8-91DD-05C2972B6A30}.Debug|iPhone.Build.0 = Debug|Any CPU
		{E5DFBF3C-2BA7-4DE8-91DD-05C2972B6A30}.Debug|iPhone.Deploy.0 = Debug|Any CPU
		{E5DFBF3C-2BA7-4DE8-91DD-05C2972B6A30}.Debug|iPhoneSimulator.ActiveCfg = Debug|Any CPU
		{E5DFBF3C-2BA7-4DE8-91DD-05C2972B6A30}.Debug|iPhoneSimulator.Build.0 = Debug|Any CPU
		{E5DFBF3C-2BA7-4DE8-91DD-05C2972B6A30}.Debug|iPhoneSimulator.Deploy.0 = Debug|Any CPU
		{E5DFBF3C-2BA7-4DE8-91DD-05C2972B6A30}.Debug|x64.ActiveCfg = Debug|Any CPU
		{E5DFBF3C-2BA7-4DE8-91DD-05C2972B6A30}.Debug|x64.Build.0 = Debug|Any CPU
		{E5DFBF3C-2BA7-4DE8-91DD-05C2972B6A30}.Debug|x64.Deploy.0 = Debug|Any CPU
		{E5DFBF3C-2BA7-4DE8-91DD-05C2972B6A30}.Debug|x86.ActiveCfg = Debug|Any CPU
		{E5DFBF3C-2BA7-4DE8-91DD-05C2972B6A30}.Debug|x86.Build.0 = Debug|Any CPU
		{E5DFBF3C-2BA7-4DE8-91DD-05C2972B6A30}.Debug|x86.Deploy.0 = Debug|Any CPU
		{E5DFBF3C-2BA7-4DE8-91DD-05C2972B6A30}.Release|Any CPU.ActiveCfg = Release|Any CPU
		{E5DFBF3C-2BA7-4DE8-91DD-05C2972B6A30}.Release|Any CPU.Build.0 = Release|Any CPU
		{E5DFBF3C-2BA7-4DE8-91DD-05C2972B6A30}.Release|Any CPU.Deploy.0 = Release|Any CPU
		{E5DFBF3C-2BA7-4DE8-91DD-05C2972B6A30}.Release|ARM.ActiveCfg = Release|Any CPU
		{E5DFBF3C-2BA7-4DE8-91DD-05C2972B6A30}.Release|ARM.Build.0 = Release|Any CPU
		{E5DFBF3C-2BA7-4DE8-91DD-05C2972B6A30}.Release|ARM.Deploy.0 = Release|Any CPU
		{E5DFBF3C-2BA7-4DE8-91DD-05C2972B6A30}.Release|iPhone.ActiveCfg = Release|Any CPU
		{E5DFBF3C-2BA7-4DE8-91DD-05C2972B6A30}.Release|iPhone.Build.0 = Release|Any CPU
		{E5DFBF3C-2BA7-4DE8-91DD-05C2972B6A30}.Release|iPhone.Deploy.0 = Release|Any CPU
		{E5DFBF3C-2BA7-4DE8-91DD-05C2972B6A30}.Release|iPhoneSimulator.ActiveCfg = Release|Any CPU
		{E5DFBF3C-2BA7-4DE8-91DD-05C2972B6A30}.Release|iPhoneSimulator.Build.0 = Release|Any CPU
		{E5DFBF3C-2BA7-4DE8-91DD-05C2972B6A30}.Release|iPhoneSimulator.Deploy.0 = Release|Any CPU
		{E5DFBF3C-2BA7-4DE8-91DD-05C2972B6A30}.Release|x64.ActiveCfg = Release|Any CPU
		{E5DFBF3C-2BA7-4DE8-91DD-05C2972B6A30}.Release|x64.Build.0 = Release|Any CPU
		{E5DFBF3C-2BA7-4DE8-91DD-05C2972B6A30}.Release|x64.Deploy.0 = Release|Any CPU
		{E5DFBF3C-2BA7-4DE8-91DD-05C2972B6A30}.Release|x86.ActiveCfg = Release|Any CPU
		{E5DFBF3C-2BA7-4DE8-91DD-05C2972B6A30}.Release|x86.Build.0 = Release|Any CPU
		{E5DFBF3C-2BA7-4DE8-91DD-05C2972B6A30}.Release|x86.Deploy.0 = Release|Any CPU
	EndGlobalSection
	GlobalSection(SolutionProperties) = preSolution
		HideSolutionNode = FALSE
	EndGlobalSection
	GlobalSection(ExtensibilityGlobals) = postSolution
		SolutionGuid = {C63E495D-23B1-429E-BC29-1B9424D08EEB}
	EndGlobalSection
EndGlobal
